Microsoft Visual Studio Solution File, Format Version 12.00
# Visual Studio 15
VisualStudioVersion = 15.0.28307.136
MinimumVisualStudioVersion = 10.0.40219.1
Project("{2150E333-8FDC-42A3-9474-1A3956D46DE8}") = "Solution Items", "Solution Items", "{B911405E-6A46-4BE6-B997-91D85388CA9A}"
	ProjectSection(SolutionItems) = preProject
		AntiXssAssemblyInfo.cs = AntiXssAssemblyInfo.cs
		CodeAnalysis.ruleset = CodeAnalysis.ruleset
		FxCopDictionary.xml = FxCopDictionary.xml
		License.txt = License.txt
	EndProjectSection
EndProject
Project("{2150E333-8FDC-42A3-9474-1A3956D46DE8}") = "Documentation", "Documentation", "{57C3E762-30FA-402E-8738-76EA3A56A1AF}"
	ProjectSection(SolutionItems) = preProject
		Documentation\AntiXSS v4.3.docx = Documentation\AntiXSS v4.3.docx
	EndProjectSection
EndProject
Project("{9A19103F-16F7-4668-BE54-9A1E7A4F7556}") = "Microsoft.Security.Application.Encoder", "Microsoft.Security.Application.Encoder\Microsoft.Security.Application.Encoder.csproj", "{E7B6B7D1-53F8-4492-9B98-23244070E3E6}"
EndProject
Project("{9A19103F-16F7-4668-BE54-9A1E7A4F7556}") = "Microsoft.Security.Application.Encoder.UnitTests", "Microsoft.Security.Application.Encoder.UnitTests\Microsoft.Security.Application.Encoder.UnitTests.csproj", "{53A4B395-7A8D-4BE5-9925-5795EC95846C}"
EndProject
Global
	GlobalSection(SolutionConfigurationPlatforms) = preSolution
		Debug|Any CPU = Debug|Any CPU
		Debug|Mixed Platforms = Debug|Mixed Platforms
		Debug|x86 = Debug|x86
		Release|Any CPU = Release|Any CPU
		Release|Mixed Platforms = Release|Mixed Platforms
		Release|x86 = Release|x86
	EndGlobalSection
	GlobalSection(ProjectConfigurationPlatforms) = postSolution
		{E7B6B7D1-53F8-4492-9B98-23244070E3E6}.Debug|Any CPU.ActiveCfg = Debug|Any CPU
		{E7B6B7D1-53F8-4492-9B98-23244070E3E6}.Debug|Any CPU.Build.0 = Debug|Any CPU
		{E7B6B7D1-53F8-4492-9B98-23244070E3E6}.Debug|Mixed Platforms.ActiveCfg = Debug|Any CPU
		{E7B6B7D1-53F8-4492-9B98-23244070E3E6}.Debug|Mixed Platforms.Build.0 = Debug|Any CPU
		{E7B6B7D1-53F8-4492-9B98-23244070E3E6}.Debug|x86.ActiveCfg = Debug|Any CPU
		{E7B6B7D1-53F8-4492-9B98-23244070E3E6}.Release|Any CPU.ActiveCfg = Release|Any CPU
		{E7B6B7D1-53F8-4492-9B98-23244070E3E6}.Release|Any CPU.Build.0 = Release|Any CPU
		{E7B6B7D1-53F8-4492-9B98-23244070E3E6}.Release|Mixed Platforms.ActiveCfg = Release|Any CPU
		{E7B6B7D1-53F8-4492-9B98-23244070E3E6}.Release|Mixed Platforms.Build.0 = Release|Any CPU
		{E7B6B7D1-53F8-4492-9B98-23244070E3E6}.Release|x86.ActiveCfg = Release|Any CPU
		{53A4B395-7A8D-4BE5-9925-5795EC95846C}.Debug|Any CPU.ActiveCfg = Debug|Any CPU
		{53A4B395-7A8D-4BE5-9925-5795EC95846C}.Debug|Any CPU.Build.0 = Debug|Any CPU
		{53A4B395-7A8D-4BE5-9925-5795EC95846C}.Debug|Mixed Platforms.ActiveCfg = Debug|Any CPU
		{53A4B395-7A8D-4BE5-9925-5795EC95846C}.Debug|Mixed Platforms.Build.0 = Debug|Any CPU
		{53A4B395-7A8D-4BE5-9925-5795EC95846C}.Debug|x86.ActiveCfg = Debug|Any CPU
		{53A4B395-7A8D-4BE5-9925-5795EC95846C}.Release|Any CPU.ActiveCfg = Release|Any CPU
		{53A4B395-7A8D-4BE5-9925-5795EC95846C}.Release|Any CPU.Build.0 = Release|Any CPU
		{53A4B395-7A8D-4BE5-9925-5795EC95846C}.Release|Mixed Platforms.ActiveCfg = Release|Any CPU
		{53A4B395-7A8D-4BE5-9925-5795EC95846C}.Release|Mixed Platforms.Build.0 = Release|Any CPU
		{53A4B395-7A8D-4BE5-9925-5795EC95846C}.Release|x86.ActiveCfg = Release|Any CPU
	EndGlobalSection
	GlobalSection(SolutionProperties) = preSolution
		HideSolutionNode = FALSE
	EndGlobalSection
	GlobalSection(NestedProjects) = preSolution
		{57C3E762-30FA-402E-8738-76EA3A56A1AF} = {B911405E-6A46-4BE6-B997-91D85388CA9A}
	EndGlobalSection
	GlobalSection(ExtensibilityGlobals) = postSolution
		SolutionGuid = {F132A8C4-507D-4BE4-BDF6-3494A48AFA21}
	EndGlobalSection
EndGlobal
