
Microsoft Visual Studio Solution File, Format Version 11.00
# Visual Studio 2010
Project("{2150E333-8FDC-42A3-9474-1A3956D46DE8}") = "Solution Items", "Solution Items", "{B911405E-6A46-4BE6-B997-91D85388CA9A}"
	ProjectSection(SolutionItems) = preProject
		CodeAnalysis.ruleset = CodeAnalysis.ruleset
		CommonAssemblyInfo.cs = CommonAssemblyInfo.cs
		FxCopDictionary.xml = FxCopDictionary.xml
		License.txt = License.txt
	EndProjectSection
EndProject
Project("{2150E333-8FDC-42A3-9474-1A3956D46DE8}") = "Dependencies", "Dependencies", "{97F2911B-CD1D-4F01-AD64-F84739AF667D}"
EndProject
Project("{FAE04EC0-301F-11D3-BF4B-00C04F79EFBC}") = "Microsoft.Security.Application.SecurityRuntimeEngine.PlugIns", "Microsoft.Security.Application.SecurityRuntimeEngine.PlugIns\Microsoft.Security.Application.SecurityRuntimeEngine.PlugIns.csproj", "{511DDC47-A6E8-4017-A9CB-D72B17748E03}"
EndProject
Project("{2150E333-8FDC-42A3-9474-1A3956D46DE8}") = "External References", "External References", "{6E691E62-CCD0-447A-AE7C-858D01C8B405}"
EndProject
Project("{2150E333-8FDC-42A3-9474-1A3956D46DE8}") = "Microsoft.Data.Schema.ScriptDom", "Microsoft.Data.Schema.ScriptDom", "{69BEBC66-4B53-4DA8-B6C0-B0F0F334403C}"
	ProjectSection(SolutionItems) = preProject
		Dependencies\External References\Microsoft.Data.Schema.ScriptDom\Microsoft.Data.Schema.ScriptDom.dll = Dependencies\External References\Microsoft.Data.Schema.ScriptDom\Microsoft.Data.Schema.ScriptDom.dll
		Dependencies\External References\Microsoft.Data.Schema.ScriptDom\Microsoft.Data.Schema.ScriptDom.Sql.dll = Dependencies\External References\Microsoft.Data.Schema.ScriptDom\Microsoft.Data.Schema.ScriptDom.Sql.dll
		Dependencies\External References\Microsoft.Data.Schema.ScriptDom\SQLBinariesEULA.rtf = Dependencies\External References\Microsoft.Data.Schema.ScriptDom\SQLBinariesEULA.rtf
	EndProjectSection
EndProject
Project("{FAE04EC0-301F-11D3-BF4B-00C04F79EFBC}") = "Microsoft.Security.Application.SecurityRuntimeEngine.UnitTests", "Microsoft.Security.Application.SecurityRuntimeEngine.UnitTests\Microsoft.Security.Application.SecurityRuntimeEngine.UnitTests.csproj", "{492EF5B9-4ECC-435A-A2C5-C8A72D42487A}"
EndProject
Project("{FAE04EC0-301F-11D3-BF4B-00C04F79EFBC}") = "Microsoft.Security.Application.SecurityRuntimeEngine.PlugIns.UnitTests", "Microsoft.Security.Application.SecurityRuntimeEngine.PlugIns.UnitTests\Microsoft.Security.Application.SecurityRuntimeEngine.PlugIns.UnitTests.csproj", "{7834292E-7847-4D18-AA11-64E0073B6BB2}"
EndProject
Project("{FAE04EC0-301F-11D3-BF4B-00C04F79EFBC}") = "Microsoft.Security.Application.SecurityRuntimeEngine.SampleLogger", "Microsoft.Security.Application.SecurityRuntimeEngine.SampleLogger\Microsoft.Security.Application.SecurityRuntimeEngine.SampleLogger.csproj", "{118AB6A1-7BD9-4232-9397-9646926CBA4D}"
EndProject
Project("{FAE04EC0-301F-11D3-BF4B-00C04F79EFBC}") = "Microsoft.Security.Application.Encoder", "Microsoft.Security.Application.Encoder\Microsoft.Security.Application.Encoder.csproj", "{E7B6B7D1-53F8-4492-9B98-23244070E3E6}"
EndProject
Project("{FAE04EC0-301F-11D3-BF4B-00C04F79EFBC}") = "Microsoft.Security.Application.HtmlSanitization", "Microsoft.Security.Application.HtmlSanitization\Microsoft.Security.Application.HtmlSanitization.csproj", "{7318FE57-3EFC-4A13-8B62-2E3BC31A4F84}"
EndProject
Project("{FAE04EC0-301F-11D3-BF4B-00C04F79EFBC}") = "Microsoft.Security.Application.SecurityRuntimeEngine", "Microsoft.Security.Application.SecurityRuntimeEngine\Microsoft.Security.Application.SecurityRuntimeEngine.csproj", "{0E480818-B186-4D08-8BF5-A6487E708070}"
EndProject
Project("{FAE04EC0-301F-11D3-BF4B-00C04F79EFBC}") = "Microsoft.Security.Application.SecurityRuntimeEngine.Net4", "Microsoft.Security.Application.SecurityRuntimeEngine.Net4\Microsoft.Security.Application.SecurityRuntimeEngine.Net4.csproj", "{D5ABD89A-F6A6-43A1-A9F8-0208218110A6}"
	ProjectSection(ProjectDependencies) = postProject
		{0E480818-B186-4D08-8BF5-A6487E708070} = {0E480818-B186-4D08-8BF5-A6487E708070}
	EndProjectSection
EndProject
Project("{FAE04EC0-301F-11D3-BF4B-00C04F79EFBC}") = "Microsoft.Security.Application.SecurityRuntimeEngine.PlugIns.Net4", "Microsoft.Security.Application.SecurityRuntimeEngine.PlugIns.Net4\Microsoft.Security.Application.SecurityRuntimeEngine.PlugIns.Net4.csproj", "{56F77B8D-48A4-4783-A16F-40FA9E35B1D3}"
	ProjectSection(ProjectDependencies) = postProject
		{0E480818-B186-4D08-8BF5-A6487E708070} = {0E480818-B186-4D08-8BF5-A6487E708070}
		{511DDC47-A6E8-4017-A9CB-D72B17748E03} = {511DDC47-A6E8-4017-A9CB-D72B17748E03}
		{D5ABD89A-F6A6-43A1-A9F8-0208218110A6} = {D5ABD89A-F6A6-43A1-A9F8-0208218110A6}
	EndProjectSection
EndProject
Project("{FAE04EC0-301F-11D3-BF4B-00C04F79EFBC}") = "Web Protection Library Sample Web App", "Web Protection Library Sample Web App\Web Protection Library Sample Web App.csproj", "{1B87CFE9-3698-4877-8D8F-6A9380F2C9AE}"
EndProject
Project("{2150E333-8FDC-42A3-9474-1A3956D46DE8}") = "Documentation", "Documentation", "{C0932E00-BC75-4584-A728-B28B6BC03B7C}"
	ProjectSection(SolutionItems) = preProject
		Documentation\Introducing the SRE plug-in model.docx = Documentation\Introducing the SRE plug-in model.docx
		Documentation\The Microsoft SRE Inspectors.docx = Documentation\The Microsoft SRE Inspectors.docx
	EndProjectSection
EndProject
Project("{2150E333-8FDC-42A3-9474-1A3956D46DE8}") = "System.ComponentModel", "System.ComponentModel", "{70311F78-4914-47BC-9710-EC87B46F6296}"
	ProjectSection(SolutionItems) = preProject
		Dependencies\External References\System.ComponentModel\net35\System.ComponentModel.Composition.dll = Dependencies\External References\System.ComponentModel\net35\System.ComponentModel.Composition.dll
	EndProjectSection
EndProject
Project("{2150E333-8FDC-42A3-9474-1A3956D46DE8}") = "net35", "net35", "{EEBF4A1F-AC08-4E74-825D-D64E1C6C7DAC}"
	ProjectSection(SolutionItems) = preProject
		Dependencies\External References\System.ComponentModel\net35\System.ComponentModel.Composition.dll = Dependencies\External References\System.ComponentModel\net35\System.ComponentModel.Composition.dll
	EndProjectSection
EndProject
Global
	GlobalSection(TestCaseManagementSettings) = postSolution
		CategoryFile = WebProtectionLibraryTestList.vsmdi
	EndGlobalSection
	GlobalSection(SolutionConfigurationPlatforms) = preSolution
		Debug|Any CPU = Debug|Any CPU
		Debug|Mixed Platforms = Debug|Mixed Platforms
		Debug|x86 = Debug|x86
		Release|Any CPU = Release|Any CPU
		Release|Mixed Platforms = Release|Mixed Platforms
		Release|x86 = Release|x86
	EndGlobalSection
	GlobalSection(ProjectConfigurationPlatforms) = postSolution
		{511DDC47-A6E8-4017-A9CB-D72B17748E03}.Debug|Any CPU.ActiveCfg = Debug|Any CPU
		{511DDC47-A6E8-4017-A9CB-D72B17748E03}.Debug|Any CPU.Build.0 = Debug|Any CPU
		{511DDC47-A6E8-4017-A9CB-D72B17748E03}.Debug|Mixed Platforms.ActiveCfg = Debug|Any CPU
		{511DDC47-A6E8-4017-A9CB-D72B17748E03}.Debug|Mixed Platforms.Build.0 = Debug|Any CPU
		{511DDC47-A6E8-4017-A9CB-D72B17748E03}.Debug|x86.ActiveCfg = Debug|Any CPU
		{511DDC47-A6E8-4017-A9CB-D72B17748E03}.Release|Any CPU.ActiveCfg = Release|Any CPU
		{511DDC47-A6E8-4017-A9CB-D72B17748E03}.Release|Any CPU.Build.0 = Release|Any CPU
		{511DDC47-A6E8-4017-A9CB-D72B17748E03}.Release|Mixed Platforms.ActiveCfg = Release|Any CPU
		{511DDC47-A6E8-4017-A9CB-D72B17748E03}.Release|Mixed Platforms.Build.0 = Release|Any CPU
		{511DDC47-A6E8-4017-A9CB-D72B17748E03}.Release|x86.ActiveCfg = Release|Any CPU
		{492EF5B9-4ECC-435A-A2C5-C8A72D42487A}.Debug|Any CPU.ActiveCfg = Debug|Any CPU
		{492EF5B9-4ECC-435A-A2C5-C8A72D42487A}.Debug|Any CPU.Build.0 = Debug|Any CPU
		{492EF5B9-4ECC-435A-A2C5-C8A72D42487A}.Debug|Mixed Platforms.ActiveCfg = Debug|Any CPU
		{492EF5B9-4ECC-435A-A2C5-C8A72D42487A}.Debug|Mixed Platforms.Build.0 = Debug|Any CPU
		{492EF5B9-4ECC-435A-A2C5-C8A72D42487A}.Debug|x86.ActiveCfg = Debug|Any CPU
		{492EF5B9-4ECC-435A-A2C5-C8A72D42487A}.Release|Any CPU.ActiveCfg = Release|Any CPU
		{492EF5B9-4ECC-435A-A2C5-C8A72D42487A}.Release|Any CPU.Build.0 = Release|Any CPU
		{492EF5B9-4ECC-435A-A2C5-C8A72D42487A}.Release|Mixed Platforms.ActiveCfg = Release|Any CPU
		{492EF5B9-4ECC-435A-A2C5-C8A72D42487A}.Release|Mixed Platforms.Build.0 = Release|Any CPU
		{492EF5B9-4ECC-435A-A2C5-C8A72D42487A}.Release|x86.ActiveCfg = Release|Any CPU
		{7834292E-7847-4D18-AA11-64E0073B6BB2}.Debug|Any CPU.ActiveCfg = Debug|Any CPU
		{7834292E-7847-4D18-AA11-64E0073B6BB2}.Debug|Any CPU.Build.0 = Debug|Any CPU
		{7834292E-7847-4D18-AA11-64E0073B6BB2}.Debug|Mixed Platforms.ActiveCfg = Debug|Any CPU
		{7834292E-7847-4D18-AA11-64E0073B6BB2}.Debug|Mixed Platforms.Build.0 = Debug|Any CPU
		{7834292E-7847-4D18-AA11-64E0073B6BB2}.Debug|x86.ActiveCfg = Debug|Any CPU
		{7834292E-7847-4D18-AA11-64E0073B6BB2}.Release|Any CPU.ActiveCfg = Release|Any CPU
		{7834292E-7847-4D18-AA11-64E0073B6BB2}.Release|Any CPU.Build.0 = Release|Any CPU
		{7834292E-7847-4D18-AA11-64E0073B6BB2}.Release|Mixed Platforms.ActiveCfg = Release|Any CPU
		{7834292E-7847-4D18-AA11-64E0073B6BB2}.Release|Mixed Platforms.Build.0 = Release|Any CPU
		{7834292E-7847-4D18-AA11-64E0073B6BB2}.Release|x86.ActiveCfg = Release|Any CPU
		{118AB6A1-7BD9-4232-9397-9646926CBA4D}.Debug|Any CPU.ActiveCfg = Debug|Any CPU
		{118AB6A1-7BD9-4232-9397-9646926CBA4D}.Debug|Any CPU.Build.0 = Debug|Any CPU
		{118AB6A1-7BD9-4232-9397-9646926CBA4D}.Debug|Mixed Platforms.ActiveCfg = Debug|Any CPU
		{118AB6A1-7BD9-4232-9397-9646926CBA4D}.Debug|Mixed Platforms.Build.0 = Debug|Any CPU
		{118AB6A1-7BD9-4232-9397-9646926CBA4D}.Debug|x86.ActiveCfg = Debug|Any CPU
		{118AB6A1-7BD9-4232-9397-9646926CBA4D}.Release|Any CPU.ActiveCfg = Release|Any CPU
		{118AB6A1-7BD9-4232-9397-9646926CBA4D}.Release|Any CPU.Build.0 = Release|Any CPU
		{118AB6A1-7BD9-4232-9397-9646926CBA4D}.Release|Mixed Platforms.ActiveCfg = Release|Any CPU
		{118AB6A1-7BD9-4232-9397-9646926CBA4D}.Release|Mixed Platforms.Build.0 = Release|Any CPU
		{118AB6A1-7BD9-4232-9397-9646926CBA4D}.Release|x86.ActiveCfg = Release|Any CPU
		{E7B6B7D1-53F8-4492-9B98-23244070E3E6}.Debug|Any CPU.ActiveCfg = Debug|Any CPU
		{E7B6B7D1-53F8-4492-9B98-23244070E3E6}.Debug|Any CPU.Build.0 = Debug|Any CPU
		{E7B6B7D1-53F8-4492-9B98-23244070E3E6}.Debug|Mixed Platforms.ActiveCfg = Debug|Any CPU
		{E7B6B7D1-53F8-4492-9B98-23244070E3E6}.Debug|Mixed Platforms.Build.0 = Debug|Any CPU
		{E7B6B7D1-53F8-4492-9B98-23244070E3E6}.Debug|x86.ActiveCfg = Debug|Any CPU
		{E7B6B7D1-53F8-4492-9B98-23244070E3E6}.Release|Any CPU.ActiveCfg = Release|Any CPU
		{E7B6B7D1-53F8-4492-9B98-23244070E3E6}.Release|Any CPU.Build.0 = Release|Any CPU
		{E7B6B7D1-53F8-4492-9B98-23244070E3E6}.Release|Mixed Platforms.ActiveCfg = Release|Any CPU
		{E7B6B7D1-53F8-4492-9B98-23244070E3E6}.Release|Mixed Platforms.Build.0 = Release|Any CPU
		{E7B6B7D1-53F8-4492-9B98-23244070E3E6}.Release|x86.ActiveCfg = Release|Any CPU
		{7318FE57-3EFC-4A13-8B62-2E3BC31A4F84}.Debug|Any CPU.ActiveCfg = Debug|Any CPU
		{7318FE57-3EFC-4A13-8B62-2E3BC31A4F84}.Debug|Any CPU.Build.0 = Debug|Any CPU
		{7318FE57-3EFC-4A13-8B62-2E3BC31A4F84}.Debug|Mixed Platforms.ActiveCfg = Debug|Any CPU
		{7318FE57-3EFC-4A13-8B62-2E3BC31A4F84}.Debug|Mixed Platforms.Build.0 = Debug|Any CPU
		{7318FE57-3EFC-4A13-8B62-2E3BC31A4F84}.Debug|x86.ActiveCfg = Debug|Any CPU
		{7318FE57-3EFC-4A13-8B62-2E3BC31A4F84}.Release|Any CPU.ActiveCfg = Release|Any CPU
		{7318FE57-3EFC-4A13-8B62-2E3BC31A4F84}.Release|Any CPU.Build.0 = Release|Any CPU
		{7318FE57-3EFC-4A13-8B62-2E3BC31A4F84}.Release|Mixed Platforms.ActiveCfg = Release|Any CPU
		{7318FE57-3EFC-4A13-8B62-2E3BC31A4F84}.Release|Mixed Platforms.Build.0 = Release|Any CPU
		{7318FE57-3EFC-4A13-8B62-2E3BC31A4F84}.Release|x86.ActiveCfg = Release|Any CPU
		{0E480818-B186-4D08-8BF5-A6487E708070}.Debug|Any CPU.ActiveCfg = Debug|Any CPU
		{0E480818-B186-4D08-8BF5-A6487E708070}.Debug|Any CPU.Build.0 = Debug|Any CPU
		{0E480818-B186-4D08-8BF5-A6487E708070}.Debug|Mixed Platforms.ActiveCfg = Debug|Any CPU
		{0E480818-B186-4D08-8BF5-A6487E708070}.Debug|Mixed Platforms.Build.0 = Debug|Any CPU
		{0E480818-B186-4D08-8BF5-A6487E708070}.Debug|x86.ActiveCfg = Debug|Any CPU
		{0E480818-B186-4D08-8BF5-A6487E708070}.Release|Any CPU.ActiveCfg = Release|Any CPU
		{0E480818-B186-4D08-8BF5-A6487E708070}.Release|Any CPU.Build.0 = Release|Any CPU
		{0E480818-B186-4D08-8BF5-A6487E708070}.Release|Mixed Platforms.ActiveCfg = Release|Any CPU
		{0E480818-B186-4D08-8BF5-A6487E708070}.Release|Mixed Platforms.Build.0 = Release|Any CPU
		{0E480818-B186-4D08-8BF5-A6487E708070}.Release|x86.ActiveCfg = Release|Any CPU
		{D5ABD89A-F6A6-43A1-A9F8-0208218110A6}.Debug|Any CPU.ActiveCfg = Debug|Any CPU
		{D5ABD89A-F6A6-43A1-A9F8-0208218110A6}.Debug|Any CPU.Build.0 = Debug|Any CPU
		{D5ABD89A-F6A6-43A1-A9F8-0208218110A6}.Debug|Mixed Platforms.ActiveCfg = Debug|Any CPU
		{D5ABD89A-F6A6-43A1-A9F8-0208218110A6}.Debug|Mixed Platforms.Build.0 = Debug|Any CPU
		{D5ABD89A-F6A6-43A1-A9F8-0208218110A6}.Debug|x86.ActiveCfg = Debug|Any CPU
		{D5ABD89A-F6A6-43A1-A9F8-0208218110A6}.Release|Any CPU.ActiveCfg = Release|Any CPU
		{D5ABD89A-F6A6-43A1-A9F8-0208218110A6}.Release|Any CPU.Build.0 = Release|Any CPU
		{D5ABD89A-F6A6-43A1-A9F8-0208218110A6}.Release|Mixed Platforms.ActiveCfg = Release|Any CPU
		{D5ABD89A-F6A6-43A1-A9F8-0208218110A6}.Release|Mixed Platforms.Build.0 = Release|Any CPU
		{D5ABD89A-F6A6-43A1-A9F8-0208218110A6}.Release|x86.ActiveCfg = Release|Any CPU
		{56F77B8D-48A4-4783-A16F-40FA9E35B1D3}.Debug|Any CPU.ActiveCfg = Debug|Any CPU
		{56F77B8D-48A4-4783-A16F-40FA9E35B1D3}.Debug|Any CPU.Build.0 = Debug|Any CPU
		{56F77B8D-48A4-4783-A16F-40FA9E35B1D3}.Debug|Mixed Platforms.ActiveCfg = Debug|Any CPU
		{56F77B8D-48A4-4783-A16F-40FA9E35B1D3}.Debug|Mixed Platforms.Build.0 = Debug|Any CPU
		{56F77B8D-48A4-4783-A16F-40FA9E35B1D3}.Debug|x86.ActiveCfg = Debug|Any CPU
		{56F77B8D-48A4-4783-A16F-40FA9E35B1D3}.Release|Any CPU.ActiveCfg = Release|Any CPU
		{56F77B8D-48A4-4783-A16F-40FA9E35B1D3}.Release|Any CPU.Build.0 = Release|Any CPU
		{56F77B8D-48A4-4783-A16F-40FA9E35B1D3}.Release|Mixed Platforms.ActiveCfg = Release|Any CPU
		{56F77B8D-48A4-4783-A16F-40FA9E35B1D3}.Release|Mixed Platforms.Build.0 = Release|Any CPU
		{56F77B8D-48A4-4783-A16F-40FA9E35B1D3}.Release|x86.ActiveCfg = Release|Any CPU
		{1B87CFE9-3698-4877-8D8F-6A9380F2C9AE}.Debug|Any CPU.ActiveCfg = Debug|Any CPU
		{1B87CFE9-3698-4877-8D8F-6A9380F2C9AE}.Debug|Any CPU.Build.0 = Debug|Any CPU
		{1B87CFE9-3698-4877-8D8F-6A9380F2C9AE}.Debug|Mixed Platforms.ActiveCfg = Debug|Any CPU
		{1B87CFE9-3698-4877-8D8F-6A9380F2C9AE}.Debug|Mixed Platforms.Build.0 = Debug|Any CPU
		{1B87CFE9-3698-4877-8D8F-6A9380F2C9AE}.Debug|x86.ActiveCfg = Debug|Any CPU
		{1B87CFE9-3698-4877-8D8F-6A9380F2C9AE}.Release|Any CPU.ActiveCfg = Release|Any CPU
		{1B87CFE9-3698-4877-8D8F-6A9380F2C9AE}.Release|Any CPU.Build.0 = Release|Any CPU
		{1B87CFE9-3698-4877-8D8F-6A9380F2C9AE}.Release|Mixed Platforms.ActiveCfg = Release|Any CPU
		{1B87CFE9-3698-4877-8D8F-6A9380F2C9AE}.Release|Mixed Platforms.Build.0 = Release|Any CPU
		{1B87CFE9-3698-4877-8D8F-6A9380F2C9AE}.Release|x86.ActiveCfg = Release|Any CPU
	EndGlobalSection
	GlobalSection(SolutionProperties) = preSolution
		HideSolutionNode = FALSE
	EndGlobalSection
	GlobalSection(NestedProjects) = preSolution
		{97F2911B-CD1D-4F01-AD64-F84739AF667D} = {B911405E-6A46-4BE6-B997-91D85388CA9A}
		{C0932E00-BC75-4584-A728-B28B6BC03B7C} = {B911405E-6A46-4BE6-B997-91D85388CA9A}
		{6E691E62-CCD0-447A-AE7C-858D01C8B405} = {97F2911B-CD1D-4F01-AD64-F84739AF667D}
		{69BEBC66-4B53-4DA8-B6C0-B0F0F334403C} = {6E691E62-CCD0-447A-AE7C-858D01C8B405}
		{70311F78-4914-47BC-9710-EC87B46F6296} = {6E691E62-CCD0-447A-AE7C-858D01C8B405}
		{EEBF4A1F-AC08-4E74-825D-D64E1C6C7DAC} = {70311F78-4914-47BC-9710-EC87B46F6296}
	EndGlobalSection
EndGlobal
