
Microsoft Visual Studio Solution File, Format Version 10.00
# Visual Studio 2008
Project("{FAE04EC0-301F-11D3-BF4B-00C04F79EFBC}") = "AntiXSSLibrary", "AntiXSSLibrary\AntiXSSLibrary.csproj", "{A71007C8-B101-4398-9C1C-4759CFD9D6F1}"
EndProject
Project("{FAE04EC0-301F-11D3-BF4B-00C04F79EFBC}") = "AntiXSSTestApp", "AntiXSSTestApp\AntiXSSTestApp.csproj", "{1871EC00-393A-4FE7-91AB-E3EFFAE15B3B}"
EndProject
Project("{2150E333-8FDC-42A3-9474-1A3956D46DE8}") = "Solution Items", "Solution Items", "{D1B4EE61-5776-4984-9012-D9FFFF8B7ACD}"
	ProjectSection(SolutionItems) = preProject
		AntiXss.snk = AntiXss.snk
		AntiXSS1.vsmdi = AntiXSS1.vsmdi
		MicrosoftACECodeAnalysisReport.htm = MicrosoftACECodeAnalysisReport.htm
		rtfico.ico = rtfico.ico
		TestRunConfig1.testrunconfig = TestRunConfig1.testrunconfig
		vsproject.ico = vsproject.ico
	EndProjectSection
EndProject
Project("{FAE04EC0-301F-11D3-BF4B-00C04F79EFBC}") = "AntiXSSTestBench", "AntiXSSTestBench\AntiXSSTestBench.csproj", "{2FE61C04-F57B-4F39-8825-1E1B4D8FDACF}"
EndProject
Project("{FAE04EC0-301F-11D3-BF4B-00C04F79EFBC}") = "AntiXSSModule", "AXSSModule\AntiXSSModule.csproj", "{72F32CC4-00C2-4A9B-B73C-A7A9659F25DB}"
EndProject
Project("{FAE04EC0-301F-11D3-BF4B-00C04F79EFBC}") = "ConfigGen", "ConfigGen\ConfigGen.csproj", "{3BADA1E8-A4F9-4727-BD49-1C5059C0FE7D}"
EndProject
Project("{FAE04EC0-301F-11D3-BF4B-00C04F79EFBC}") = "SampleApp", "SampleApp\SampleApp.csproj", "{958D5D8B-79C1-4587-A93A-567330EA1056}"
EndProject
Project("{FAE04EC0-301F-11D3-BF4B-00C04F79EFBC}") = "SREUnitTests", "SREUnitTests\SREUnitTests.csproj", "{9066715C-773F-4C70-8CEF-689102C75E80}"
EndProject
Project("{FAE04EC0-301F-11D3-BF4B-00C04F79EFBC}") = "TestAntiXssModule", "TestAntiXssModule\TestAntiXssModule.csproj", "{370E2502-03A9-4A77-A3F6-D276864F2732}"
EndProject
Project("{54435603-DBB4-11D2-8724-00A0C9A8B90C}") = "Setup", "Installer\Installer.vdproj", "{3A499656-EED7-4D21-A5D8-0A4BBD3DC243}"
EndProject
Project("{FAE04EC0-301F-11D3-BF4B-00C04F79EFBC}") = "AntiXSSUnitTests", "AntiXSSUnitTests\AntiXSSUnitTests.csproj", "{53A4B395-7A8D-4BE5-9925-5795EC95846C}"
EndProject
Project("{FAE04EC0-301F-11D3-BF4B-00C04F79EFBC}") = "InstallerCustomAction", "InstallerCustomAction\InstallerCustomAction.csproj", "{748ECFBD-5260-46CB-96C5-A19492847725}"
EndProject
Project("{FAE04EC0-301F-11D3-BF4B-00C04F79EFBC}") = "AntiXSSDocProject", "AntiXSSDocProject\AntiXSSDocProject.csproj", "{7232EAF0-3108-471D-A299-8CF2EB6BC068}"
EndProject
Global
	GlobalSection(TeamFoundationVersionControl) = preSolution
		SccNumberOfProjects = 12
		SccEnterpriseProvider = {4CA58AB2-18FA-4F8D-95D4-32DDF27D184C}
		SccTeamFoundationServer = http://tkbgitvstsat02:8080/
		SccLocalPath0 = .
		SccProjectUniqueName1 = AntiXSSLibrary\\AntiXSSLibrary.csproj
		SccProjectName1 = AntiXSSLibrary
		SccLocalPath1 = AntiXSSLibrary
		SccProjectUniqueName2 = AntiXSSTestApp\\AntiXSSTestApp.csproj
		SccProjectName2 = AntiXSSTestApp
		SccLocalPath2 = AntiXSSTestApp
		SccProjectUniqueName3 = AntiXSSTestBench\\AntiXSSTestBench.csproj
		SccProjectName3 = AntiXSSTestBench
		SccLocalPath3 = AntiXSSTestBench
		SccProjectUniqueName4 = AXSSModule\\AntiXSSModule.csproj
		SccProjectName4 = AXSSModule
		SccLocalPath4 = AXSSModule
		SccProjectUniqueName5 = ConfigGen\\ConfigGen.csproj
		SccProjectName5 = ConfigGen
		SccLocalPath5 = ConfigGen
		SccProjectUniqueName6 = SREUnitTests\\SREUnitTests.csproj
		SccProjectName6 = SREUnitTests
		SccLocalPath6 = SREUnitTests
		SccProjectUniqueName7 = TestAntiXssModule\\TestAntiXssModule.csproj
		SccProjectName7 = TestAntiXssModule
		SccLocalPath7 = TestAntiXssModule
		SccProjectUniqueName8 = Installer\\Installer.vdproj
		SccProjectName8 = Installer
		SccLocalPath8 = Installer
		SccProjectUniqueName9 = AntiXSSUnitTests\\AntiXSSUnitTests.csproj
		SccProjectName9 = AntiXSSUnitTests
		SccLocalPath9 = AntiXSSUnitTests
		SccProjectUniqueName10 = InstallerCustomAction\\InstallerCustomAction.csproj
		SccProjectName10 = InstallerCustomAction
		SccLocalPath10 = InstallerCustomAction
		SccProjectUniqueName11 = AntiXSSDocProject\\AntiXSSDocProject.csproj
		SccProjectName11 = AntiXSSDocProject
		SccLocalPath11 = AntiXSSDocProject
	EndGlobalSection
	GlobalSection(TestCaseManagementSettings) = postSolution
		CategoryFile = AntiXSS1.vsmdi
	EndGlobalSection
	GlobalSection(SolutionConfigurationPlatforms) = preSolution
		Debug|Any CPU = Debug|Any CPU
		Debug|x64 = Debug|x64
		Debug|x86 = Debug|x86
		Release|Any CPU = Release|Any CPU
		Release|x64 = Release|x64
		Release|x86 = Release|x86
		x64 Release|Any CPU = x64 Release|Any CPU
		x64 Release|x64 = x64 Release|x64
		x64 Release|x86 = x64 Release|x86
		x86 Release|Any CPU = x86 Release|Any CPU
		x86 Release|x64 = x86 Release|x64
		x86 Release|x86 = x86 Release|x86
	EndGlobalSection
	GlobalSection(ProjectConfigurationPlatforms) = postSolution
		{A71007C8-B101-4398-9C1C-4759CFD9D6F1}.Debug|Any CPU.ActiveCfg = Debug|Any CPU
		{A71007C8-B101-4398-9C1C-4759CFD9D6F1}.Debug|Any CPU.Build.0 = Debug|Any CPU
		{A71007C8-B101-4398-9C1C-4759CFD9D6F1}.Debug|x64.ActiveCfg = Debug|x64
		{A71007C8-B101-4398-9C1C-4759CFD9D6F1}.Debug|x64.Build.0 = Debug|x64
		{A71007C8-B101-4398-9C1C-4759CFD9D6F1}.Debug|x86.ActiveCfg = Debug|x86
		{A71007C8-B101-4398-9C1C-4759CFD9D6F1}.Debug|x86.Build.0 = Debug|x86
		{A71007C8-B101-4398-9C1C-4759CFD9D6F1}.Release|Any CPU.ActiveCfg = Release|Any CPU
		{A71007C8-B101-4398-9C1C-4759CFD9D6F1}.Release|Any CPU.Build.0 = Release|Any CPU
		{A71007C8-B101-4398-9C1C-4759CFD9D6F1}.Release|x64.ActiveCfg = Release|x64
		{A71007C8-B101-4398-9C1C-4759CFD9D6F1}.Release|x64.Build.0 = Release|x64
		{A71007C8-B101-4398-9C1C-4759CFD9D6F1}.Release|x86.ActiveCfg = Release|x86
		{A71007C8-B101-4398-9C1C-4759CFD9D6F1}.Release|x86.Build.0 = Release|x86
		{A71007C8-B101-4398-9C1C-4759CFD9D6F1}.x64 Release|Any CPU.ActiveCfg = x64 Release|Any CPU
		{A71007C8-B101-4398-9C1C-4759CFD9D6F1}.x64 Release|Any CPU.Build.0 = x64 Release|Any CPU
		{A71007C8-B101-4398-9C1C-4759CFD9D6F1}.x64 Release|x64.ActiveCfg = x64 Release|x64
		{A71007C8-B101-4398-9C1C-4759CFD9D6F1}.x64 Release|x64.Build.0 = x64 Release|x64
		{A71007C8-B101-4398-9C1C-4759CFD9D6F1}.x64 Release|x86.ActiveCfg = x64 Release|x86
		{A71007C8-B101-4398-9C1C-4759CFD9D6F1}.x64 Release|x86.Build.0 = x64 Release|x86
		{A71007C8-B101-4398-9C1C-4759CFD9D6F1}.x86 Release|Any CPU.ActiveCfg = x86 Release|Any CPU
		{A71007C8-B101-4398-9C1C-4759CFD9D6F1}.x86 Release|Any CPU.Build.0 = x86 Release|Any CPU
		{A71007C8-B101-4398-9C1C-4759CFD9D6F1}.x86 Release|x64.ActiveCfg = x86 Release|x64
		{A71007C8-B101-4398-9C1C-4759CFD9D6F1}.x86 Release|x64.Build.0 = x86 Release|x64
		{A71007C8-B101-4398-9C1C-4759CFD9D6F1}.x86 Release|x86.ActiveCfg = x86 Release|x86
		{A71007C8-B101-4398-9C1C-4759CFD9D6F1}.x86 Release|x86.Build.0 = x86 Release|x86
		{1871EC00-393A-4FE7-91AB-E3EFFAE15B3B}.Debug|Any CPU.ActiveCfg = Debug|Any CPU
		{1871EC00-393A-4FE7-91AB-E3EFFAE15B3B}.Debug|Any CPU.Build.0 = Debug|Any CPU
		{1871EC00-393A-4FE7-91AB-E3EFFAE15B3B}.Debug|x64.ActiveCfg = Debug|Any CPU
		{1871EC00-393A-4FE7-91AB-E3EFFAE15B3B}.Debug|x86.ActiveCfg = Debug|Any CPU
		{1871EC00-393A-4FE7-91AB-E3EFFAE15B3B}.Release|Any CPU.ActiveCfg = Release|Any CPU
		{1871EC00-393A-4FE7-91AB-E3EFFAE15B3B}.Release|Any CPU.Build.0 = Release|Any CPU
		{1871EC00-393A-4FE7-91AB-E3EFFAE15B3B}.Release|x64.ActiveCfg = Release|Any CPU
		{1871EC00-393A-4FE7-91AB-E3EFFAE15B3B}.Release|x86.ActiveCfg = Release|Any CPU
		{1871EC00-393A-4FE7-91AB-E3EFFAE15B3B}.x64 Release|Any CPU.ActiveCfg = Release|Any CPU
		{1871EC00-393A-4FE7-91AB-E3EFFAE15B3B}.x64 Release|Any CPU.Build.0 = Release|Any CPU
		{1871EC00-393A-4FE7-91AB-E3EFFAE15B3B}.x64 Release|x64.ActiveCfg = Release|Any CPU
		{1871EC00-393A-4FE7-91AB-E3EFFAE15B3B}.x64 Release|x86.ActiveCfg = Release|Any CPU
		{1871EC00-393A-4FE7-91AB-E3EFFAE15B3B}.x86 Release|Any CPU.ActiveCfg = Release|Any CPU
		{1871EC00-393A-4FE7-91AB-E3EFFAE15B3B}.x86 Release|Any CPU.Build.0 = Release|Any CPU
		{1871EC00-393A-4FE7-91AB-E3EFFAE15B3B}.x86 Release|x64.ActiveCfg = Release|Any CPU
		{1871EC00-393A-4FE7-91AB-E3EFFAE15B3B}.x86 Release|x86.ActiveCfg = Release|Any CPU
		{2FE61C04-F57B-4F39-8825-1E1B4D8FDACF}.Debug|Any CPU.ActiveCfg = Debug|Any CPU
		{2FE61C04-F57B-4F39-8825-1E1B4D8FDACF}.Debug|Any CPU.Build.0 = Debug|Any CPU
		{2FE61C04-F57B-4F39-8825-1E1B4D8FDACF}.Debug|x64.ActiveCfg = Debug|Any CPU
		{2FE61C04-F57B-4F39-8825-1E1B4D8FDACF}.Debug|x86.ActiveCfg = Debug|Any CPU
		{2FE61C04-F57B-4F39-8825-1E1B4D8FDACF}.Release|Any CPU.ActiveCfg = Release|Any CPU
		{2FE61C04-F57B-4F39-8825-1E1B4D8FDACF}.Release|Any CPU.Build.0 = Release|Any CPU
		{2FE61C04-F57B-4F39-8825-1E1B4D8FDACF}.Release|x64.ActiveCfg = Release|Any CPU
		{2FE61C04-F57B-4F39-8825-1E1B4D8FDACF}.Release|x86.ActiveCfg = Release|Any CPU
		{2FE61C04-F57B-4F39-8825-1E1B4D8FDACF}.x64 Release|Any CPU.ActiveCfg = Release|Any CPU
		{2FE61C04-F57B-4F39-8825-1E1B4D8FDACF}.x64 Release|Any CPU.Build.0 = Release|Any CPU
		{2FE61C04-F57B-4F39-8825-1E1B4D8FDACF}.x64 Release|x64.ActiveCfg = Release|Any CPU
		{2FE61C04-F57B-4F39-8825-1E1B4D8FDACF}.x64 Release|x86.ActiveCfg = Release|Any CPU
		{2FE61C04-F57B-4F39-8825-1E1B4D8FDACF}.x86 Release|Any CPU.ActiveCfg = Release|Any CPU
		{2FE61C04-F57B-4F39-8825-1E1B4D8FDACF}.x86 Release|Any CPU.Build.0 = Release|Any CPU
		{2FE61C04-F57B-4F39-8825-1E1B4D8FDACF}.x86 Release|x64.ActiveCfg = Release|Any CPU
		{2FE61C04-F57B-4F39-8825-1E1B4D8FDACF}.x86 Release|x86.ActiveCfg = Release|Any CPU
		{72F32CC4-00C2-4A9B-B73C-A7A9659F25DB}.Debug|Any CPU.ActiveCfg = Debug|Any CPU
		{72F32CC4-00C2-4A9B-B73C-A7A9659F25DB}.Debug|Any CPU.Build.0 = Debug|Any CPU
		{72F32CC4-00C2-4A9B-B73C-A7A9659F25DB}.Debug|x64.ActiveCfg = Debug|x64
		{72F32CC4-00C2-4A9B-B73C-A7A9659F25DB}.Debug|x64.Build.0 = Debug|x64
		{72F32CC4-00C2-4A9B-B73C-A7A9659F25DB}.Debug|x86.ActiveCfg = Debug|x86
		{72F32CC4-00C2-4A9B-B73C-A7A9659F25DB}.Debug|x86.Build.0 = Debug|x86
		{72F32CC4-00C2-4A9B-B73C-A7A9659F25DB}.Release|Any CPU.ActiveCfg = Release|Any CPU
		{72F32CC4-00C2-4A9B-B73C-A7A9659F25DB}.Release|Any CPU.Build.0 = Release|Any CPU
		{72F32CC4-00C2-4A9B-B73C-A7A9659F25DB}.Release|x64.ActiveCfg = Release|x64
		{72F32CC4-00C2-4A9B-B73C-A7A9659F25DB}.Release|x64.Build.0 = Release|x64
		{72F32CC4-00C2-4A9B-B73C-A7A9659F25DB}.Release|x86.ActiveCfg = Release|x86
		{72F32CC4-00C2-4A9B-B73C-A7A9659F25DB}.Release|x86.Build.0 = Release|x86
		{72F32CC4-00C2-4A9B-B73C-A7A9659F25DB}.x64 Release|Any CPU.ActiveCfg = x64 Release|Any CPU
		{72F32CC4-00C2-4A9B-B73C-A7A9659F25DB}.x64 Release|Any CPU.Build.0 = x64 Release|Any CPU
		{72F32CC4-00C2-4A9B-B73C-A7A9659F25DB}.x64 Release|x64.ActiveCfg = x64 Release|x64
		{72F32CC4-00C2-4A9B-B73C-A7A9659F25DB}.x64 Release|x64.Build.0 = x64 Release|x64
		{72F32CC4-00C2-4A9B-B73C-A7A9659F25DB}.x64 Release|x86.ActiveCfg = x64 Release|x86
		{72F32CC4-00C2-4A9B-B73C-A7A9659F25DB}.x64 Release|x86.Build.0 = x64 Release|x86
		{72F32CC4-00C2-4A9B-B73C-A7A9659F25DB}.x86 Release|Any CPU.ActiveCfg = x86 Release|Any CPU
		{72F32CC4-00C2-4A9B-B73C-A7A9659F25DB}.x86 Release|Any CPU.Build.0 = x86 Release|Any CPU
		{72F32CC4-00C2-4A9B-B73C-A7A9659F25DB}.x86 Release|x64.ActiveCfg = x86 Release|x64
		{72F32CC4-00C2-4A9B-B73C-A7A9659F25DB}.x86 Release|x64.Build.0 = x86 Release|x64
		{72F32CC4-00C2-4A9B-B73C-A7A9659F25DB}.x86 Release|x86.ActiveCfg = x86 Release|x86
		{72F32CC4-00C2-4A9B-B73C-A7A9659F25DB}.x86 Release|x86.Build.0 = x86 Release|x86
		{3BADA1E8-A4F9-4727-BD49-1C5059C0FE7D}.Debug|Any CPU.ActiveCfg = Debug|Any CPU
		{3BADA1E8-A4F9-4727-BD49-1C5059C0FE7D}.Debug|Any CPU.Build.0 = Debug|Any CPU
		{3BADA1E8-A4F9-4727-BD49-1C5059C0FE7D}.Debug|x64.ActiveCfg = Debug|x64
		{3BADA1E8-A4F9-4727-BD49-1C5059C0FE7D}.Debug|x64.Build.0 = Debug|x64
		{3BADA1E8-A4F9-4727-BD49-1C5059C0FE7D}.Debug|x86.ActiveCfg = Debug|x86
		{3BADA1E8-A4F9-4727-BD49-1C5059C0FE7D}.Debug|x86.Build.0 = Debug|x86
		{3BADA1E8-A4F9-4727-BD49-1C5059C0FE7D}.Release|Any CPU.ActiveCfg = Release|Any CPU
		{3BADA1E8-A4F9-4727-BD49-1C5059C0FE7D}.Release|Any CPU.Build.0 = Release|Any CPU
		{3BADA1E8-A4F9-4727-BD49-1C5059C0FE7D}.Release|x64.ActiveCfg = Release|x64
		{3BADA1E8-A4F9-4727-BD49-1C5059C0FE7D}.Release|x64.Build.0 = Release|x64
		{3BADA1E8-A4F9-4727-BD49-1C5059C0FE7D}.Release|x86.ActiveCfg = Release|x86
		{3BADA1E8-A4F9-4727-BD49-1C5059C0FE7D}.Release|x86.Build.0 = Release|x86
		{3BADA1E8-A4F9-4727-BD49-1C5059C0FE7D}.x64 Release|Any CPU.ActiveCfg = x64 Release|Any CPU
		{3BADA1E8-A4F9-4727-BD49-1C5059C0FE7D}.x64 Release|Any CPU.Build.0 = x64 Release|Any CPU
		{3BADA1E8-A4F9-4727-BD49-1C5059C0FE7D}.x64 Release|x64.ActiveCfg = x64 Release|x64
		{3BADA1E8-A4F9-4727-BD49-1C5059C0FE7D}.x64 Release|x64.Build.0 = x64 Release|x64
		{3BADA1E8-A4F9-4727-BD49-1C5059C0FE7D}.x64 Release|x86.ActiveCfg = x64 Release|x86
		{3BADA1E8-A4F9-4727-BD49-1C5059C0FE7D}.x64 Release|x86.Build.0 = x64 Release|x86
		{3BADA1E8-A4F9-4727-BD49-1C5059C0FE7D}.x86 Release|Any CPU.ActiveCfg = x86 Release|Any CPU
		{3BADA1E8-A4F9-4727-BD49-1C5059C0FE7D}.x86 Release|Any CPU.Build.0 = x86 Release|Any CPU
		{3BADA1E8-A4F9-4727-BD49-1C5059C0FE7D}.x86 Release|x64.ActiveCfg = x86 Release|x64
		{3BADA1E8-A4F9-4727-BD49-1C5059C0FE7D}.x86 Release|x64.Build.0 = x86 Release|x64
		{3BADA1E8-A4F9-4727-BD49-1C5059C0FE7D}.x86 Release|x86.ActiveCfg = x86 Release|x86
		{3BADA1E8-A4F9-4727-BD49-1C5059C0FE7D}.x86 Release|x86.Build.0 = x86 Release|x86
		{958D5D8B-79C1-4587-A93A-567330EA1056}.Debug|Any CPU.ActiveCfg = Debug|Any CPU
		{958D5D8B-79C1-4587-A93A-567330EA1056}.Debug|Any CPU.Build.0 = Debug|Any CPU
		{958D5D8B-79C1-4587-A93A-567330EA1056}.Debug|x64.ActiveCfg = Debug|x64
		{958D5D8B-79C1-4587-A93A-567330EA1056}.Debug|x64.Build.0 = Debug|x64
		{958D5D8B-79C1-4587-A93A-567330EA1056}.Debug|x86.ActiveCfg = Debug|x64
		{958D5D8B-79C1-4587-A93A-567330EA1056}.Release|Any CPU.ActiveCfg = Release|Any CPU
		{958D5D8B-79C1-4587-A93A-567330EA1056}.Release|Any CPU.Build.0 = Release|Any CPU
		{958D5D8B-79C1-4587-A93A-567330EA1056}.Release|x64.ActiveCfg = Release|x64
		{958D5D8B-79C1-4587-A93A-567330EA1056}.Release|x64.Build.0 = Release|x64
		{958D5D8B-79C1-4587-A93A-567330EA1056}.Release|x86.ActiveCfg = Release|x64
		{958D5D8B-79C1-4587-A93A-567330EA1056}.x64 Release|Any CPU.ActiveCfg = x64 Release|Any CPU
		{958D5D8B-79C1-4587-A93A-567330EA1056}.x64 Release|Any CPU.Build.0 = x64 Release|Any CPU
		{958D5D8B-79C1-4587-A93A-567330EA1056}.x64 Release|x64.ActiveCfg = x64 Release|x64
		{958D5D8B-79C1-4587-A93A-567330EA1056}.x64 Release|x64.Build.0 = x64 Release|x64
		{958D5D8B-79C1-4587-A93A-567330EA1056}.x64 Release|x86.ActiveCfg = x64 Release|x64
		{958D5D8B-79C1-4587-A93A-567330EA1056}.x86 Release|Any CPU.ActiveCfg = x86 Release|Any CPU
		{958D5D8B-79C1-4587-A93A-567330EA1056}.x86 Release|Any CPU.Build.0 = x86 Release|Any CPU
		{958D5D8B-79C1-4587-A93A-567330EA1056}.x86 Release|x64.ActiveCfg = x86 Release|x64
		{958D5D8B-79C1-4587-A93A-567330EA1056}.x86 Release|x64.Build.0 = x86 Release|x64
		{958D5D8B-79C1-4587-A93A-567330EA1056}.x86 Release|x86.ActiveCfg = x86 Release|x64
		{9066715C-773F-4C70-8CEF-689102C75E80}.Debug|Any CPU.ActiveCfg = Debug|Any CPU
		{9066715C-773F-4C70-8CEF-689102C75E80}.Debug|Any CPU.Build.0 = Debug|Any CPU
		{9066715C-773F-4C70-8CEF-689102C75E80}.Debug|x64.ActiveCfg = Debug|x64
		{9066715C-773F-4C70-8CEF-689102C75E80}.Debug|x64.Build.0 = Debug|x64
		{9066715C-773F-4C70-8CEF-689102C75E80}.Debug|x86.ActiveCfg = Debug|x64
		{9066715C-773F-4C70-8CEF-689102C75E80}.Release|Any CPU.ActiveCfg = Release|Any CPU
		{9066715C-773F-4C70-8CEF-689102C75E80}.Release|Any CPU.Build.0 = Release|Any CPU
		{9066715C-773F-4C70-8CEF-689102C75E80}.Release|x64.ActiveCfg = Release|x64
		{9066715C-773F-4C70-8CEF-689102C75E80}.Release|x64.Build.0 = Release|x64
		{9066715C-773F-4C70-8CEF-689102C75E80}.Release|x86.ActiveCfg = Release|x64
		{9066715C-773F-4C70-8CEF-689102C75E80}.x64 Release|Any CPU.ActiveCfg = x64 Release|Any CPU
		{9066715C-773F-4C70-8CEF-689102C75E80}.x64 Release|Any CPU.Build.0 = x64 Release|Any CPU
		{9066715C-773F-4C70-8CEF-689102C75E80}.x64 Release|x64.ActiveCfg = x64 Release|x64
		{9066715C-773F-4C70-8CEF-689102C75E80}.x64 Release|x64.Build.0 = x64 Release|x64
		{9066715C-773F-4C70-8CEF-689102C75E80}.x64 Release|x86.ActiveCfg = x64 Release|x64
		{9066715C-773F-4C70-8CEF-689102C75E80}.x86 Release|Any CPU.ActiveCfg = x86 Release|Any CPU
		{9066715C-773F-4C70-8CEF-689102C75E80}.x86 Release|Any CPU.Build.0 = x86 Release|Any CPU
		{9066715C-773F-4C70-8CEF-689102C75E80}.x86 Release|x64.ActiveCfg = x86 Release|x64
		{9066715C-773F-4C70-8CEF-689102C75E80}.x86 Release|x64.Build.0 = x86 Release|x64
		{9066715C-773F-4C70-8CEF-689102C75E80}.x86 Release|x86.ActiveCfg = x86 Release|x64
		{370E2502-03A9-4A77-A3F6-D276864F2732}.Debug|Any CPU.ActiveCfg = Debug|Any CPU
		{370E2502-03A9-4A77-A3F6-D276864F2732}.Debug|Any CPU.Build.0 = Debug|Any CPU
		{370E2502-03A9-4A77-A3F6-D276864F2732}.Debug|x64.ActiveCfg = Debug|x64
		{370E2502-03A9-4A77-A3F6-D276864F2732}.Debug|x64.Build.0 = Debug|x64
		{370E2502-03A9-4A77-A3F6-D276864F2732}.Debug|x86.ActiveCfg = Debug|x64
		{370E2502-03A9-4A77-A3F6-D276864F2732}.Release|Any CPU.ActiveCfg = Release|Any CPU
		{370E2502-03A9-4A77-A3F6-D276864F2732}.Release|Any CPU.Build.0 = Release|Any CPU
		{370E2502-03A9-4A77-A3F6-D276864F2732}.Release|x64.ActiveCfg = Release|x64
		{370E2502-03A9-4A77-A3F6-D276864F2732}.Release|x64.Build.0 = Release|x64
		{370E2502-03A9-4A77-A3F6-D276864F2732}.Release|x86.ActiveCfg = Release|x64
		{370E2502-03A9-4A77-A3F6-D276864F2732}.x64 Release|Any CPU.ActiveCfg = x64 Release|Any CPU
		{370E2502-03A9-4A77-A3F6-D276864F2732}.x64 Release|Any CPU.Build.0 = x64 Release|Any CPU
		{370E2502-03A9-4A77-A3F6-D276864F2732}.x64 Release|x64.ActiveCfg = x64 Release|x64
		{370E2502-03A9-4A77-A3F6-D276864F2732}.x64 Release|x64.Build.0 = x64 Release|x64
		{370E2502-03A9-4A77-A3F6-D276864F2732}.x64 Release|x86.ActiveCfg = x64 Release|x64
		{370E2502-03A9-4A77-A3F6-D276864F2732}.x86 Release|Any CPU.ActiveCfg = x86 Release|Any CPU
		{370E2502-03A9-4A77-A3F6-D276864F2732}.x86 Release|Any CPU.Build.0 = x86 Release|Any CPU
		{370E2502-03A9-4A77-A3F6-D276864F2732}.x86 Release|x64.ActiveCfg = x86 Release|x64
		{370E2502-03A9-4A77-A3F6-D276864F2732}.x86 Release|x64.Build.0 = x86 Release|x64
		{370E2502-03A9-4A77-A3F6-D276864F2732}.x86 Release|x86.ActiveCfg = x86 Release|x64
		{3A499656-EED7-4D21-A5D8-0A4BBD3DC243}.Debug|Any CPU.ActiveCfg = Debug
		{3A499656-EED7-4D21-A5D8-0A4BBD3DC243}.Debug|x64.ActiveCfg = Debug
		{3A499656-EED7-4D21-A5D8-0A4BBD3DC243}.Debug|x64.Build.0 = Debug
		{3A499656-EED7-4D21-A5D8-0A4BBD3DC243}.Debug|x86.ActiveCfg = Debug
		{3A499656-EED7-4D21-A5D8-0A4BBD3DC243}.Debug|x86.Build.0 = Debug
		{3A499656-EED7-4D21-A5D8-0A4BBD3DC243}.Release|Any CPU.ActiveCfg = Release
		{3A499656-EED7-4D21-A5D8-0A4BBD3DC243}.Release|x64.ActiveCfg = Release
		{3A499656-EED7-4D21-A5D8-0A4BBD3DC243}.Release|x64.Build.0 = Release
		{3A499656-EED7-4D21-A5D8-0A4BBD3DC243}.Release|x86.ActiveCfg = Release
		{3A499656-EED7-4D21-A5D8-0A4BBD3DC243}.Release|x86.Build.0 = Release
		{3A499656-EED7-4D21-A5D8-0A4BBD3DC243}.x64 Release|Any CPU.ActiveCfg = x64 Release
		{3A499656-EED7-4D21-A5D8-0A4BBD3DC243}.x64 Release|Any CPU.Build.0 = x64 Release
		{3A499656-EED7-4D21-A5D8-0A4BBD3DC243}.x64 Release|x64.ActiveCfg = x64 Release
		{3A499656-EED7-4D21-A5D8-0A4BBD3DC243}.x64 Release|x64.Build.0 = x64 Release
		{3A499656-EED7-4D21-A5D8-0A4BBD3DC243}.x64 Release|x86.ActiveCfg = x64 Release
		{3A499656-EED7-4D21-A5D8-0A4BBD3DC243}.x64 Release|x86.Build.0 = x64 Release
		{3A499656-EED7-4D21-A5D8-0A4BBD3DC243}.x86 Release|Any CPU.ActiveCfg = x86 Release
		{3A499656-EED7-4D21-A5D8-0A4BBD3DC243}.x86 Release|Any CPU.Build.0 = x86 Release
		{3A499656-EED7-4D21-A5D8-0A4BBD3DC243}.x86 Release|x64.ActiveCfg = x86 Release
		{3A499656-EED7-4D21-A5D8-0A4BBD3DC243}.x86 Release|x64.Build.0 = x86 Release
		{3A499656-EED7-4D21-A5D8-0A4BBD3DC243}.x86 Release|x86.ActiveCfg = x86 Release
		{3A499656-EED7-4D21-A5D8-0A4BBD3DC243}.x86 Release|x86.Build.0 = x86 Release
		{53A4B395-7A8D-4BE5-9925-5795EC95846C}.Debug|Any CPU.ActiveCfg = Debug|Any CPU
		{53A4B395-7A8D-4BE5-9925-5795EC95846C}.Debug|Any CPU.Build.0 = Debug|Any CPU
		{53A4B395-7A8D-4BE5-9925-5795EC95846C}.Debug|x64.ActiveCfg = Debug|Any CPU
		{53A4B395-7A8D-4BE5-9925-5795EC95846C}.Debug|x86.ActiveCfg = Debug|Any CPU
		{53A4B395-7A8D-4BE5-9925-5795EC95846C}.Release|Any CPU.ActiveCfg = Release|Any CPU
		{53A4B395-7A8D-4BE5-9925-5795EC95846C}.Release|Any CPU.Build.0 = Release|Any CPU
		{53A4B395-7A8D-4BE5-9925-5795EC95846C}.Release|x64.ActiveCfg = Release|Any CPU
		{53A4B395-7A8D-4BE5-9925-5795EC95846C}.Release|x86.ActiveCfg = Release|Any CPU
		{53A4B395-7A8D-4BE5-9925-5795EC95846C}.x64 Release|Any CPU.ActiveCfg = Release|Any CPU
		{53A4B395-7A8D-4BE5-9925-5795EC95846C}.x64 Release|Any CPU.Build.0 = Release|Any CPU
		{53A4B395-7A8D-4BE5-9925-5795EC95846C}.x64 Release|x64.ActiveCfg = Release|Any CPU
		{53A4B395-7A8D-4BE5-9925-5795EC95846C}.x64 Release|x86.ActiveCfg = Release|Any CPU
		{53A4B395-7A8D-4BE5-9925-5795EC95846C}.x86 Release|Any CPU.ActiveCfg = Release|Any CPU
		{53A4B395-7A8D-4BE5-9925-5795EC95846C}.x86 Release|Any CPU.Build.0 = Release|Any CPU
		{53A4B395-7A8D-4BE5-9925-5795EC95846C}.x86 Release|x64.ActiveCfg = Release|Any CPU
		{53A4B395-7A8D-4BE5-9925-5795EC95846C}.x86 Release|x86.ActiveCfg = Release|Any CPU
		{748ECFBD-5260-46CB-96C5-A19492847725}.Debug|Any CPU.ActiveCfg = Debug|Any CPU
		{748ECFBD-5260-46CB-96C5-A19492847725}.Debug|Any CPU.Build.0 = Debug|Any CPU
		{748ECFBD-5260-46CB-96C5-A19492847725}.Debug|x64.ActiveCfg = Debug|Any CPU
		{748ECFBD-5260-46CB-96C5-A19492847725}.Debug|x86.ActiveCfg = Debug|Any CPU
		{748ECFBD-5260-46CB-96C5-A19492847725}.Release|Any CPU.ActiveCfg = Release|Any CPU
		{748ECFBD-5260-46CB-96C5-A19492847725}.Release|Any CPU.Build.0 = Release|Any CPU
		{748ECFBD-5260-46CB-96C5-A19492847725}.Release|x64.ActiveCfg = Release|Any CPU
		{748ECFBD-5260-46CB-96C5-A19492847725}.Release|x86.ActiveCfg = Release|Any CPU
		{748ECFBD-5260-46CB-96C5-A19492847725}.x64 Release|Any CPU.ActiveCfg = Release|Any CPU
		{748ECFBD-5260-46CB-96C5-A19492847725}.x64 Release|Any CPU.Build.0 = Release|Any CPU
		{748ECFBD-5260-46CB-96C5-A19492847725}.x64 Release|x64.ActiveCfg = Release|Any CPU
		{748ECFBD-5260-46CB-96C5-A19492847725}.x64 Release|x86.ActiveCfg = Release|Any CPU
		{748ECFBD-5260-46CB-96C5-A19492847725}.x86 Release|Any CPU.ActiveCfg = Release|Any CPU
		{748ECFBD-5260-46CB-96C5-A19492847725}.x86 Release|Any CPU.Build.0 = Release|Any CPU
		{748ECFBD-5260-46CB-96C5-A19492847725}.x86 Release|x64.ActiveCfg = Release|Any CPU
		{748ECFBD-5260-46CB-96C5-A19492847725}.x86 Release|x86.ActiveCfg = Release|Any CPU
		{7232EAF0-3108-471D-A299-8CF2EB6BC068}.Debug|Any CPU.ActiveCfg = Debug|Any CPU
		{7232EAF0-3108-471D-A299-8CF2EB6BC068}.Debug|Any CPU.Build.0 = Debug|Any CPU
		{7232EAF0-3108-471D-A299-8CF2EB6BC068}.Debug|x64.ActiveCfg = Debug|Any CPU
		{7232EAF0-3108-471D-A299-8CF2EB6BC068}.Debug|x86.ActiveCfg = Debug|Any CPU
		{7232EAF0-3108-471D-A299-8CF2EB6BC068}.Release|Any CPU.ActiveCfg = Release|Any CPU
		{7232EAF0-3108-471D-A299-8CF2EB6BC068}.Release|Any CPU.Build.0 = Release|Any CPU
		{7232EAF0-3108-471D-A299-8CF2EB6BC068}.Release|x64.ActiveCfg = Release|Any CPU
		{7232EAF0-3108-471D-A299-8CF2EB6BC068}.Release|x86.ActiveCfg = Release|Any CPU
		{7232EAF0-3108-471D-A299-8CF2EB6BC068}.x64 Release|Any CPU.ActiveCfg = Release|Any CPU
		{7232EAF0-3108-471D-A299-8CF2EB6BC068}.x64 Release|Any CPU.Build.0 = Release|Any CPU
		{7232EAF0-3108-471D-A299-8CF2EB6BC068}.x64 Release|x64.ActiveCfg = Release|Any CPU
		{7232EAF0-3108-471D-A299-8CF2EB6BC068}.x64 Release|x86.ActiveCfg = Release|Any CPU
		{7232EAF0-3108-471D-A299-8CF2EB6BC068}.x86 Release|Any CPU.ActiveCfg = Release|Any CPU
		{7232EAF0-3108-471D-A299-8CF2EB6BC068}.x86 Release|Any CPU.Build.0 = Release|Any CPU
		{7232EAF0-3108-471D-A299-8CF2EB6BC068}.x86 Release|x64.ActiveCfg = Release|Any CPU
		{7232EAF0-3108-471D-A299-8CF2EB6BC068}.x86 Release|x86.ActiveCfg = Release|Any CPU
	EndGlobalSection
	GlobalSection(SolutionProperties) = preSolution
		HideSolutionNode = FALSE
	EndGlobalSection
EndGlobal
