
Microsoft Visual Studio Solution File, Format Version 10.00
# Visual Studio 2008
Project("{FAE04EC0-301F-11D3-BF4B-00C04F79EFBC}") = "SampleApp", "SampleApp.csproj", "{958D5D8B-79C1-4587-A93A-567330EA1056}"
EndProject
Global
	GlobalSection(SolutionConfigurationPlatforms) = preSolution
		Debug|Any CPU = Debug|Any CPU
		Debug|x64 = Debug|x64
		Release|Any CPU = Release|Any CPU
		Release|x64 = Release|x64
		x64 Release|Any CPU = x64 Release|Any CPU
		x64 Release|x64 = x64 Release|x64
		x86 Release|Any CPU = x86 Release|Any CPU
		x86 Release|x64 = x86 Release|x64
	EndGlobalSection
	GlobalSection(ProjectConfigurationPlatforms) = postSolution
		{958D5D8B-79C1-4587-A93A-567330EA1056}.Debug|Any CPU.ActiveCfg = Debug|Any CPU
		{958D5D8B-79C1-4587-A93A-567330EA1056}.Debug|Any CPU.Build.0 = Debug|Any CPU
		{958D5D8B-79C1-4587-A93A-567330EA1056}.Debug|x64.ActiveCfg = Debug|x64
		{958D5D8B-79C1-4587-A93A-567330EA1056}.Debug|x64.Build.0 = Debug|x64
		{958D5D8B-79C1-4587-A93A-567330EA1056}.Release|Any CPU.ActiveCfg = Release|Any CPU
		{958D5D8B-79C1-4587-A93A-567330EA1056}.Release|Any CPU.Build.0 = Release|Any CPU
		{958D5D8B-79C1-4587-A93A-567330EA1056}.Release|x64.ActiveCfg = Release|x64
		{958D5D8B-79C1-4587-A93A-567330EA1056}.Release|x64.Build.0 = Release|x64
		{958D5D8B-79C1-4587-A93A-567330EA1056}.x64 Release|Any CPU.ActiveCfg = x64 Release|Any CPU
		{958D5D8B-79C1-4587-A93A-567330EA1056}.x64 Release|Any CPU.Build.0 = x64 Release|Any CPU
		{958D5D8B-79C1-4587-A93A-567330EA1056}.x64 Release|x64.ActiveCfg = x64 Release|x64
		{958D5D8B-79C1-4587-A93A-567330EA1056}.x64 Release|x64.Build.0 = x64 Release|x64
		{958D5D8B-79C1-4587-A93A-567330EA1056}.x86 Release|Any CPU.ActiveCfg = x86 Release|Any CPU
		{958D5D8B-79C1-4587-A93A-567330EA1056}.x86 Release|Any CPU.Build.0 = x86 Release|Any CPU
		{958D5D8B-79C1-4587-A93A-567330EA1056}.x86 Release|x64.ActiveCfg = x86 Release|x64
		{958D5D8B-79C1-4587-A93A-567330EA1056}.x86 Release|x64.Build.0 = x86 Release|x64
	EndGlobalSection
	GlobalSection(SolutionProperties) = preSolution
		HideSolutionNode = FALSE
	EndGlobalSection
EndGlobal
